
Microsoft Visual Studio Solution File, Format Version 12.00
# Visual Studio 2013
VisualStudioVersion = 12.0.21005.1
MinimumVisualStudioVersion = 10.0.40219.1
Project("{FAE04EC0-301F-11D3-BF4B-00C04F79EFBC}") = "Server", "Server\Server.csproj", "{6700CA69-5B77-4975-B59C-F4E65B1045BF}"
EndProject
Project("{FAE04EC0-301F-11D3-BF4B-00C04F79EFBC}") = "vProto", "vProto\vProto.csproj", "{B71627E2-D86D-44E4-8B55-1E1C28A95493}"
EndProject
Project("{FAE04EC0-301F-11D3-BF4B-00C04F79EFBC}") = "Client", "Client\Client.csproj", "{8A32D1CC-9B2B-435F-82D3-65A7761E0C93}"
EndProject
Project("{FAE04EC0-301F-11D3-BF4B-00C04F79EFBC}") = "Common Test Shizzle", "Common Test Shizzle\Common Test Shizzle.csproj", "{88F2B6CD-E615-4476-8519-EBC61C4E7143}"
EndProject
Global
	GlobalSection(SolutionConfigurationPlatforms) = preSolution
		Debug|Any CPU = Debug|Any CPU
		Release|Any CPU = Release|Any CPU
	EndGlobalSection
	GlobalSection(ProjectConfigurationPlatforms) = postSolution
		{6700CA69-5B77-4975-B59C-F4E65B1045BF}.Debug|Any CPU.ActiveCfg = Debug|Any CPU
		{6700CA69-5B77-4975-B59C-F4E65B1045BF}.Debug|Any CPU.Build.0 = Debug|Any CPU
		{6700CA69-5B77-4975-B59C-F4E65B1045BF}.Release|Any CPU.ActiveCfg = Release|Any CPU
		{6700CA69-5B77-4975-B59C-F4E65B1045BF}.Release|Any CPU.Build.0 = Release|Any CPU
		{B71627E2-D86D-44E4-8B55-1E1C28A95493}.Debug|Any CPU.ActiveCfg = Debug|Any CPU
		{B71627E2-D86D-44E4-8B55-1E1C28A95493}.Debug|Any CPU.Build.0 = Debug|Any CPU
		{B71627E2-D86D-44E4-8B55-1E1C28A95493}.Release|Any CPU.ActiveCfg = Release|Any CPU
		{B71627E2-D86D-44E4-8B55-1E1C28A95493}.Release|Any CPU.Build.0 = Release|Any CPU
		{8A32D1CC-9B2B-435F-82D3-65A7761E0C93}.Debug|Any CPU.ActiveCfg = Debug|Any CPU
		{8A32D1CC-9B2B-435F-82D3-65A7761E0C93}.Debug|Any CPU.Build.0 = Debug|Any CPU
		{8A32D1CC-9B2B-435F-82D3-65A7761E0C93}.Release|Any CPU.ActiveCfg = Release|Any CPU
		{8A32D1CC-9B2B-435F-82D3-65A7761E0C93}.Release|Any CPU.Build.0 = Release|Any CPU
		{88F2B6CD-E615-4476-8519-EBC61C4E7143}.Debug|Any CPU.ActiveCfg = Debug|Any CPU
		{88F2B6CD-E615-4476-8519-EBC61C4E7143}.Debug|Any CPU.Build.0 = Debug|Any CPU
		{88F2B6CD-E615-4476-8519-EBC61C4E7143}.Release|Any CPU.ActiveCfg = Release|Any CPU
		{88F2B6CD-E615-4476-8519-EBC61C4E7143}.Release|Any CPU.Build.0 = Release|Any CPU
	EndGlobalSection
	GlobalSection(SolutionProperties) = preSolution
		HideSolutionNode = FALSE
	EndGlobalSection
EndGlobal
