
Microsoft Visual Studio Solution File, Format Version 12.00
# Visual Studio 2013
VisualStudioVersion = 12.0.21005.1
MinimumVisualStudioVersion = 10.0.40219.1
Project("{FAE04EC0-301F-11D3-BF4B-00C04F79EFBC}") = "Server", "Server\Server.csproj", "{6700CA69-5B77-4975-B59C-F4E65B1045BF}"
EndProject
Project("{FAE04EC0-301F-11D3-BF4B-00C04F79EFBC}") = "vProto", "vProto\vProto.csproj", "{B71627E2-D86D-44E4-8B55-1E1C28A95493}"
EndProject
Project("{FAE04EC0-301F-11D3-BF4B-00C04F79EFBC}") = "Client", "Client\Client.csproj", "{8A32D1CC-9B2B-435F-82D3-65A7761E0C93}"
EndProject
Project("{FAE04EC0-301F-11D3-BF4B-00C04F79EFBC}") = "Common Test Shizzle", "Common Test Shizzle\Common Test Shizzle.csproj", "{88F2B6CD-E615-4476-8519-EBC61C4E7143}"
EndProject
Project("{FAE04EC0-301F-11D3-BF4B-00C04F79EFBC}") = "vProto.WindowsStore", "vProto\vProto.WindowsStore.csproj", "{D4A69023-EEB4-4AD3-8979-1EB35050F0EB}"
EndProject
Global
	GlobalSection(SolutionConfigurationPlatforms) = preSolution
		Debug .NET 3.5|Any CPU = Debug .NET 3.5|Any CPU
		Debug .NET 3.5|ARM = Debug .NET 3.5|ARM
		Debug .NET 3.5|x64 = Debug .NET 3.5|x64
		Debug .NET 3.5|x86 = Debug .NET 3.5|x86
		Debug .NET 4.0|Any CPU = Debug .NET 4.0|Any CPU
		Debug .NET 4.0|ARM = Debug .NET 4.0|ARM
		Debug .NET 4.0|x64 = Debug .NET 4.0|x64
		Debug .NET 4.0|x86 = Debug .NET 4.0|x86
		Debug|Any CPU = Debug|Any CPU
		Debug|ARM = Debug|ARM
		Debug|x64 = Debug|x64
		Debug|x86 = Debug|x86
		Release .NET 3.5|Any CPU = Release .NET 3.5|Any CPU
		Release .NET 3.5|ARM = Release .NET 3.5|ARM
		Release .NET 3.5|x64 = Release .NET 3.5|x64
		Release .NET 3.5|x86 = Release .NET 3.5|x86
		Release .NET 4.0|Any CPU = Release .NET 4.0|Any CPU
		Release .NET 4.0|ARM = Release .NET 4.0|ARM
		Release .NET 4.0|x64 = Release .NET 4.0|x64
		Release .NET 4.0|x86 = Release .NET 4.0|x86
		Release|Any CPU = Release|Any CPU
		Release|ARM = Release|ARM
		Release|x64 = Release|x64
		Release|x86 = Release|x86
	EndGlobalSection
	GlobalSection(ProjectConfigurationPlatforms) = postSolution
		{6700CA69-5B77-4975-B59C-F4E65B1045BF}.Debug .NET 3.5|Any CPU.ActiveCfg = Debug|Any CPU
		{6700CA69-5B77-4975-B59C-F4E65B1045BF}.Debug .NET 3.5|Any CPU.Build.0 = Debug|Any CPU
		{6700CA69-5B77-4975-B59C-F4E65B1045BF}.Debug .NET 3.5|ARM.ActiveCfg = Debug|Any CPU
		{6700CA69-5B77-4975-B59C-F4E65B1045BF}.Debug .NET 3.5|x64.ActiveCfg = Debug|Any CPU
		{6700CA69-5B77-4975-B59C-F4E65B1045BF}.Debug .NET 3.5|x86.ActiveCfg = Debug|Any CPU
		{6700CA69-5B77-4975-B59C-F4E65B1045BF}.Debug .NET 4.0|Any CPU.ActiveCfg = Debug|Any CPU
		{6700CA69-5B77-4975-B59C-F4E65B1045BF}.Debug .NET 4.0|Any CPU.Build.0 = Debug|Any CPU
		{6700CA69-5B77-4975-B59C-F4E65B1045BF}.Debug .NET 4.0|ARM.ActiveCfg = Debug|Any CPU
		{6700CA69-5B77-4975-B59C-F4E65B1045BF}.Debug .NET 4.0|x64.ActiveCfg = Debug|Any CPU
		{6700CA69-5B77-4975-B59C-F4E65B1045BF}.Debug .NET 4.0|x86.ActiveCfg = Debug|Any CPU
		{6700CA69-5B77-4975-B59C-F4E65B1045BF}.Debug|Any CPU.ActiveCfg = Debug|Any CPU
		{6700CA69-5B77-4975-B59C-F4E65B1045BF}.Debug|Any CPU.Build.0 = Debug|Any CPU
		{6700CA69-5B77-4975-B59C-F4E65B1045BF}.Debug|ARM.ActiveCfg = Debug|Any CPU
		{6700CA69-5B77-4975-B59C-F4E65B1045BF}.Debug|x64.ActiveCfg = Debug|Any CPU
		{6700CA69-5B77-4975-B59C-F4E65B1045BF}.Debug|x86.ActiveCfg = Debug|Any CPU
		{6700CA69-5B77-4975-B59C-F4E65B1045BF}.Release .NET 3.5|Any CPU.ActiveCfg = Release|Any CPU
		{6700CA69-5B77-4975-B59C-F4E65B1045BF}.Release .NET 3.5|Any CPU.Build.0 = Release|Any CPU
		{6700CA69-5B77-4975-B59C-F4E65B1045BF}.Release .NET 3.5|ARM.ActiveCfg = Release|Any CPU
		{6700CA69-5B77-4975-B59C-F4E65B1045BF}.Release .NET 3.5|x64.ActiveCfg = Release|Any CPU
		{6700CA69-5B77-4975-B59C-F4E65B1045BF}.Release .NET 3.5|x86.ActiveCfg = Release|Any CPU
		{6700CA69-5B77-4975-B59C-F4E65B1045BF}.Release .NET 4.0|Any CPU.ActiveCfg = Release|Any CPU
		{6700CA69-5B77-4975-B59C-F4E65B1045BF}.Release .NET 4.0|Any CPU.Build.0 = Release|Any CPU
		{6700CA69-5B77-4975-B59C-F4E65B1045BF}.Release .NET 4.0|ARM.ActiveCfg = Release|Any CPU
		{6700CA69-5B77-4975-B59C-F4E65B1045BF}.Release .NET 4.0|x64.ActiveCfg = Release|Any CPU
		{6700CA69-5B77-4975-B59C-F4E65B1045BF}.Release .NET 4.0|x86.ActiveCfg = Release|Any CPU
		{6700CA69-5B77-4975-B59C-F4E65B1045BF}.Release|Any CPU.ActiveCfg = Release|Any CPU
		{6700CA69-5B77-4975-B59C-F4E65B1045BF}.Release|Any CPU.Build.0 = Release|Any CPU
		{6700CA69-5B77-4975-B59C-F4E65B1045BF}.Release|ARM.ActiveCfg = Release|Any CPU
		{6700CA69-5B77-4975-B59C-F4E65B1045BF}.Release|x64.ActiveCfg = Release|Any CPU
		{6700CA69-5B77-4975-B59C-F4E65B1045BF}.Release|x86.ActiveCfg = Release|Any CPU
		{B71627E2-D86D-44E4-8B55-1E1C28A95493}.Debug .NET 3.5|Any CPU.ActiveCfg = Debug .NET 3.5|Any CPU
		{B71627E2-D86D-44E4-8B55-1E1C28A95493}.Debug .NET 3.5|Any CPU.Build.0 = Debug .NET 3.5|Any CPU
		{B71627E2-D86D-44E4-8B55-1E1C28A95493}.Debug .NET 3.5|ARM.ActiveCfg = Debug .NET 4.5|Any CPU
		{B71627E2-D86D-44E4-8B55-1E1C28A95493}.Debug .NET 3.5|x64.ActiveCfg = Debug .NET 4.5|Any CPU
		{B71627E2-D86D-44E4-8B55-1E1C28A95493}.Debug .NET 3.5|x86.ActiveCfg = Debug .NET 4.5|Any CPU
		{B71627E2-D86D-44E4-8B55-1E1C28A95493}.Debug .NET 4.0|Any CPU.ActiveCfg = Debug .NET 4.0|Any CPU
		{B71627E2-D86D-44E4-8B55-1E1C28A95493}.Debug .NET 4.0|Any CPU.Build.0 = Debug .NET 4.0|Any CPU
		{B71627E2-D86D-44E4-8B55-1E1C28A95493}.Debug .NET 4.0|ARM.ActiveCfg = Debug .NET 4.0|Any CPU
		{B71627E2-D86D-44E4-8B55-1E1C28A95493}.Debug .NET 4.0|x64.ActiveCfg = Debug .NET 4.0|Any CPU
		{B71627E2-D86D-44E4-8B55-1E1C28A95493}.Debug .NET 4.0|x86.ActiveCfg = Debug .NET 4.0|Any CPU
		{B71627E2-D86D-44E4-8B55-1E1C28A95493}.Debug|Any CPU.ActiveCfg = Debug .NET 4.5|Any CPU
		{B71627E2-D86D-44E4-8B55-1E1C28A95493}.Debug|Any CPU.Build.0 = Debug .NET 4.5|Any CPU
		{B71627E2-D86D-44E4-8B55-1E1C28A95493}.Debug|ARM.ActiveCfg = Debug .NET 4.5|Any CPU
		{B71627E2-D86D-44E4-8B55-1E1C28A95493}.Debug|x64.ActiveCfg = Debug .NET 4.5|Any CPU
		{B71627E2-D86D-44E4-8B55-1E1C28A95493}.Debug|x86.ActiveCfg = Debug .NET 4.5|Any CPU
		{B71627E2-D86D-44E4-8B55-1E1C28A95493}.Release .NET 3.5|Any CPU.ActiveCfg = Release .NET 3.5|Any CPU
		{B71627E2-D86D-44E4-8B55-1E1C28A95493}.Release .NET 3.5|Any CPU.Build.0 = Release .NET 3.5|Any CPU
		{B71627E2-D86D-44E4-8B55-1E1C28A95493}.Release .NET 3.5|ARM.ActiveCfg = Release .NET 4.5|Any CPU
		{B71627E2-D86D-44E4-8B55-1E1C28A95493}.Release .NET 3.5|x64.ActiveCfg = Release .NET 4.5|Any CPU
		{B71627E2-D86D-44E4-8B55-1E1C28A95493}.Release .NET 3.5|x86.ActiveCfg = Release .NET 4.5|Any CPU
		{B71627E2-D86D-44E4-8B55-1E1C28A95493}.Release .NET 4.0|Any CPU.ActiveCfg = Release .NET 4.0|Any CPU
		{B71627E2-D86D-44E4-8B55-1E1C28A95493}.Release .NET 4.0|Any CPU.Build.0 = Release .NET 4.0|Any CPU
		{B71627E2-D86D-44E4-8B55-1E1C28A95493}.Release .NET 4.0|ARM.ActiveCfg = Release .NET 4.0|Any CPU
		{B71627E2-D86D-44E4-8B55-1E1C28A95493}.Release .NET 4.0|x64.ActiveCfg = Release .NET 4.0|Any CPU
		{B71627E2-D86D-44E4-8B55-1E1C28A95493}.Release .NET 4.0|x86.ActiveCfg = Release .NET 4.0|Any CPU
		{B71627E2-D86D-44E4-8B55-1E1C28A95493}.Release|Any CPU.ActiveCfg = Release .NET 4.5|Any CPU
		{B71627E2-D86D-44E4-8B55-1E1C28A95493}.Release|Any CPU.Build.0 = Release .NET 4.5|Any CPU
		{B71627E2-D86D-44E4-8B55-1E1C28A95493}.Release|ARM.ActiveCfg = Release .NET 4.5|Any CPU
		{B71627E2-D86D-44E4-8B55-1E1C28A95493}.Release|x64.ActiveCfg = Release .NET 4.5|Any CPU
		{B71627E2-D86D-44E4-8B55-1E1C28A95493}.Release|x86.ActiveCfg = Release .NET 4.5|Any CPU
		{8A32D1CC-9B2B-435F-82D3-65A7761E0C93}.Debug .NET 3.5|Any CPU.ActiveCfg = Debug|Any CPU
		{8A32D1CC-9B2B-435F-82D3-65A7761E0C93}.Debug .NET 3.5|Any CPU.Build.0 = Debug|Any CPU
		{8A32D1CC-9B2B-435F-82D3-65A7761E0C93}.Debug .NET 3.5|ARM.ActiveCfg = Debug|Any CPU
		{8A32D1CC-9B2B-435F-82D3-65A7761E0C93}.Debug .NET 3.5|x64.ActiveCfg = Debug|Any CPU
		{8A32D1CC-9B2B-435F-82D3-65A7761E0C93}.Debug .NET 3.5|x86.ActiveCfg = Debug|Any CPU
		{8A32D1CC-9B2B-435F-82D3-65A7761E0C93}.Debug .NET 4.0|Any CPU.ActiveCfg = Debug|Any CPU
		{8A32D1CC-9B2B-435F-82D3-65A7761E0C93}.Debug .NET 4.0|Any CPU.Build.0 = Debug|Any CPU
		{8A32D1CC-9B2B-435F-82D3-65A7761E0C93}.Debug .NET 4.0|ARM.ActiveCfg = Debug|Any CPU
		{8A32D1CC-9B2B-435F-82D3-65A7761E0C93}.Debug .NET 4.0|x64.ActiveCfg = Debug|Any CPU
		{8A32D1CC-9B2B-435F-82D3-65A7761E0C93}.Debug .NET 4.0|x86.ActiveCfg = Debug|Any CPU
		{8A32D1CC-9B2B-435F-82D3-65A7761E0C93}.Debug|Any CPU.ActiveCfg = Debug|Any CPU
		{8A32D1CC-9B2B-435F-82D3-65A7761E0C93}.Debug|Any CPU.Build.0 = Debug|Any CPU
		{8A32D1CC-9B2B-435F-82D3-65A7761E0C93}.Debug|ARM.ActiveCfg = Debug|Any CPU
		{8A32D1CC-9B2B-435F-82D3-65A7761E0C93}.Debug|x64.ActiveCfg = Debug|Any CPU
		{8A32D1CC-9B2B-435F-82D3-65A7761E0C93}.Debug|x86.ActiveCfg = Debug|Any CPU
		{8A32D1CC-9B2B-435F-82D3-65A7761E0C93}.Release .NET 3.5|Any CPU.ActiveCfg = Release|Any CPU
		{8A32D1CC-9B2B-435F-82D3-65A7761E0C93}.Release .NET 3.5|Any CPU.Build.0 = Release|Any CPU
		{8A32D1CC-9B2B-435F-82D3-65A7761E0C93}.Release .NET 3.5|ARM.ActiveCfg = Release|Any CPU
		{8A32D1CC-9B2B-435F-82D3-65A7761E0C93}.Release .NET 3.5|x64.ActiveCfg = Release|Any CPU
		{8A32D1CC-9B2B-435F-82D3-65A7761E0C93}.Release .NET 3.5|x86.ActiveCfg = Release|Any CPU
		{8A32D1CC-9B2B-435F-82D3-65A7761E0C93}.Release .NET 4.0|Any CPU.ActiveCfg = Release|Any CPU
		{8A32D1CC-9B2B-435F-82D3-65A7761E0C93}.Release .NET 4.0|Any CPU.Build.0 = Release|Any CPU
		{8A32D1CC-9B2B-435F-82D3-65A7761E0C93}.Release .NET 4.0|ARM.ActiveCfg = Release|Any CPU
		{8A32D1CC-9B2B-435F-82D3-65A7761E0C93}.Release .NET 4.0|x64.ActiveCfg = Release|Any CPU
		{8A32D1CC-9B2B-435F-82D3-65A7761E0C93}.Release .NET 4.0|x86.ActiveCfg = Release|Any CPU
		{8A32D1CC-9B2B-435F-82D3-65A7761E0C93}.Release|Any CPU.ActiveCfg = Release|Any CPU
		{8A32D1CC-9B2B-435F-82D3-65A7761E0C93}.Release|Any CPU.Build.0 = Release|Any CPU
		{8A32D1CC-9B2B-435F-82D3-65A7761E0C93}.Release|ARM.ActiveCfg = Release|Any CPU
		{8A32D1CC-9B2B-435F-82D3-65A7761E0C93}.Release|x64.ActiveCfg = Release|Any CPU
		{8A32D1CC-9B2B-435F-82D3-65A7761E0C93}.Release|x86.ActiveCfg = Release|Any CPU
		{88F2B6CD-E615-4476-8519-EBC61C4E7143}.Debug .NET 3.5|Any CPU.ActiveCfg = Debug|Any CPU
		{88F2B6CD-E615-4476-8519-EBC61C4E7143}.Debug .NET 3.5|Any CPU.Build.0 = Debug|Any CPU
		{88F2B6CD-E615-4476-8519-EBC61C4E7143}.Debug .NET 3.5|ARM.ActiveCfg = Debug|Any CPU
		{88F2B6CD-E615-4476-8519-EBC61C4E7143}.Debug .NET 3.5|x64.ActiveCfg = Debug|Any CPU
		{88F2B6CD-E615-4476-8519-EBC61C4E7143}.Debug .NET 3.5|x86.ActiveCfg = Debug|Any CPU
		{88F2B6CD-E615-4476-8519-EBC61C4E7143}.Debug .NET 4.0|Any CPU.ActiveCfg = Debug|Any CPU
		{88F2B6CD-E615-4476-8519-EBC61C4E7143}.Debug .NET 4.0|Any CPU.Build.0 = Debug|Any CPU
		{88F2B6CD-E615-4476-8519-EBC61C4E7143}.Debug .NET 4.0|ARM.ActiveCfg = Debug|Any CPU
		{88F2B6CD-E615-4476-8519-EBC61C4E7143}.Debug .NET 4.0|x64.ActiveCfg = Debug|Any CPU
		{88F2B6CD-E615-4476-8519-EBC61C4E7143}.Debug .NET 4.0|x86.ActiveCfg = Debug|Any CPU
		{88F2B6CD-E615-4476-8519-EBC61C4E7143}.Debug|Any CPU.ActiveCfg = Debug|Any CPU
		{88F2B6CD-E615-4476-8519-EBC61C4E7143}.Debug|Any CPU.Build.0 = Debug|Any CPU
		{88F2B6CD-E615-4476-8519-EBC61C4E7143}.Debug|ARM.ActiveCfg = Debug|Any CPU
		{88F2B6CD-E615-4476-8519-EBC61C4E7143}.Debug|x64.ActiveCfg = Debug|Any CPU
		{88F2B6CD-E615-4476-8519-EBC61C4E7143}.Debug|x86.ActiveCfg = Debug|Any CPU
		{88F2B6CD-E615-4476-8519-EBC61C4E7143}.Release .NET 3.5|Any CPU.ActiveCfg = Release|Any CPU
		{88F2B6CD-E615-4476-8519-EBC61C4E7143}.Release .NET 3.5|Any CPU.Build.0 = Release|Any CPU
		{88F2B6CD-E615-4476-8519-EBC61C4E7143}.Release .NET 3.5|ARM.ActiveCfg = Release|Any CPU
		{88F2B6CD-E615-4476-8519-EBC61C4E7143}.Release .NET 3.5|x64.ActiveCfg = Release|Any CPU
		{88F2B6CD-E615-4476-8519-EBC61C4E7143}.Release .NET 3.5|x86.ActiveCfg = Release|Any CPU
		{88F2B6CD-E615-4476-8519-EBC61C4E7143}.Release .NET 4.0|Any CPU.ActiveCfg = Release|Any CPU
		{88F2B6CD-E615-4476-8519-EBC61C4E7143}.Release .NET 4.0|Any CPU.Build.0 = Release|Any CPU
		{88F2B6CD-E615-4476-8519-EBC61C4E7143}.Release .NET 4.0|ARM.ActiveCfg = Release|Any CPU
		{88F2B6CD-E615-4476-8519-EBC61C4E7143}.Release .NET 4.0|x64.ActiveCfg = Release|Any CPU
		{88F2B6CD-E615-4476-8519-EBC61C4E7143}.Release .NET 4.0|x86.ActiveCfg = Release|Any CPU
		{88F2B6CD-E615-4476-8519-EBC61C4E7143}.Release|Any CPU.ActiveCfg = Release|Any CPU
		{88F2B6CD-E615-4476-8519-EBC61C4E7143}.Release|Any CPU.Build.0 = Release|Any CPU
		{88F2B6CD-E615-4476-8519-EBC61C4E7143}.Release|ARM.ActiveCfg = Release|Any CPU
		{88F2B6CD-E615-4476-8519-EBC61C4E7143}.Release|x64.ActiveCfg = Release|Any CPU
		{88F2B6CD-E615-4476-8519-EBC61C4E7143}.Release|x86.ActiveCfg = Release|Any CPU
		{D4A69023-EEB4-4AD3-8979-1EB35050F0EB}.Debug .NET 3.5|Any CPU.ActiveCfg = Debug|Any CPU
		{D4A69023-EEB4-4AD3-8979-1EB35050F0EB}.Debug .NET 3.5|Any CPU.Build.0 = Debug|Any CPU
		{D4A69023-EEB4-4AD3-8979-1EB35050F0EB}.Debug .NET 3.5|ARM.ActiveCfg = Debug|ARM
		{D4A69023-EEB4-4AD3-8979-1EB35050F0EB}.Debug .NET 3.5|ARM.Build.0 = Debug|ARM
		{D4A69023-EEB4-4AD3-8979-1EB35050F0EB}.Debug .NET 3.5|x64.ActiveCfg = Debug|x64
		{D4A69023-EEB4-4AD3-8979-1EB35050F0EB}.Debug .NET 3.5|x64.Build.0 = Debug|x64
		{D4A69023-EEB4-4AD3-8979-1EB35050F0EB}.Debug .NET 3.5|x86.ActiveCfg = Debug|x86
		{D4A69023-EEB4-4AD3-8979-1EB35050F0EB}.Debug .NET 3.5|x86.Build.0 = Debug|x86
		{D4A69023-EEB4-4AD3-8979-1EB35050F0EB}.Debug .NET 4.0|Any CPU.ActiveCfg = Debug|Any CPU
		{D4A69023-EEB4-4AD3-8979-1EB35050F0EB}.Debug .NET 4.0|Any CPU.Build.0 = Debug|Any CPU
		{D4A69023-EEB4-4AD3-8979-1EB35050F0EB}.Debug .NET 4.0|ARM.ActiveCfg = Debug|ARM
		{D4A69023-EEB4-4AD3-8979-1EB35050F0EB}.Debug .NET 4.0|ARM.Build.0 = Debug|ARM
		{D4A69023-EEB4-4AD3-8979-1EB35050F0EB}.Debug .NET 4.0|x64.ActiveCfg = Debug|x64
		{D4A69023-EEB4-4AD3-8979-1EB35050F0EB}.Debug .NET 4.0|x64.Build.0 = Debug|x64
		{D4A69023-EEB4-4AD3-8979-1EB35050F0EB}.Debug .NET 4.0|x86.ActiveCfg = Debug|x86
		{D4A69023-EEB4-4AD3-8979-1EB35050F0EB}.Debug .NET 4.0|x86.Build.0 = Debug|x86
		{D4A69023-EEB4-4AD3-8979-1EB35050F0EB}.Debug|Any CPU.ActiveCfg = Debug|Any CPU
		{D4A69023-EEB4-4AD3-8979-1EB35050F0EB}.Debug|Any CPU.Build.0 = Debug|Any CPU
		{D4A69023-EEB4-4AD3-8979-1EB35050F0EB}.Debug|ARM.ActiveCfg = Debug|ARM
		{D4A69023-EEB4-4AD3-8979-1EB35050F0EB}.Debug|ARM.Build.0 = Debug|ARM
		{D4A69023-EEB4-4AD3-8979-1EB35050F0EB}.Debug|x64.ActiveCfg = Debug|x64
		{D4A69023-EEB4-4AD3-8979-1EB35050F0EB}.Debug|x64.Build.0 = Debug|x64
		{D4A69023-EEB4-4AD3-8979-1EB35050F0EB}.Debug|x86.ActiveCfg = Debug|x86
		{D4A69023-EEB4-4AD3-8979-1EB35050F0EB}.Debug|x86.Build.0 = Debug|x86
		{D4A69023-EEB4-4AD3-8979-1EB35050F0EB}.Release .NET 3.5|Any CPU.ActiveCfg = Release|Any CPU
		{D4A69023-EEB4-4AD3-8979-1EB35050F0EB}.Release .NET 3.5|Any CPU.Build.0 = Release|Any CPU
		{D4A69023-EEB4-4AD3-8979-1EB35050F0EB}.Release .NET 3.5|ARM.ActiveCfg = Release|ARM
		{D4A69023-EEB4-4AD3-8979-1EB35050F0EB}.Release .NET 3.5|ARM.Build.0 = Release|ARM
		{D4A69023-EEB4-4AD3-8979-1EB35050F0EB}.Release .NET 3.5|x64.ActiveCfg = Release|x64
		{D4A69023-EEB4-4AD3-8979-1EB35050F0EB}.Release .NET 3.5|x64.Build.0 = Release|x64
		{D4A69023-EEB4-4AD3-8979-1EB35050F0EB}.Release .NET 3.5|x86.ActiveCfg = Release|x86
		{D4A69023-EEB4-4AD3-8979-1EB35050F0EB}.Release .NET 3.5|x86.Build.0 = Release|x86
		{D4A69023-EEB4-4AD3-8979-1EB35050F0EB}.Release .NET 4.0|Any CPU.ActiveCfg = Release|Any CPU
		{D4A69023-EEB4-4AD3-8979-1EB35050F0EB}.Release .NET 4.0|Any CPU.Build.0 = Release|Any CPU
		{D4A69023-EEB4-4AD3-8979-1EB35050F0EB}.Release .NET 4.0|ARM.ActiveCfg = Release|ARM
		{D4A69023-EEB4-4AD3-8979-1EB35050F0EB}.Release .NET 4.0|ARM.Build.0 = Release|ARM
		{D4A69023-EEB4-4AD3-8979-1EB35050F0EB}.Release .NET 4.0|x64.ActiveCfg = Release|x64
		{D4A69023-EEB4-4AD3-8979-1EB35050F0EB}.Release .NET 4.0|x64.Build.0 = Release|x64
		{D4A69023-EEB4-4AD3-8979-1EB35050F0EB}.Release .NET 4.0|x86.ActiveCfg = Release|x86
		{D4A69023-EEB4-4AD3-8979-1EB35050F0EB}.Release .NET 4.0|x86.Build.0 = Release|x86
		{D4A69023-EEB4-4AD3-8979-1EB35050F0EB}.Release|Any CPU.ActiveCfg = Release|Any CPU
		{D4A69023-EEB4-4AD3-8979-1EB35050F0EB}.Release|Any CPU.Build.0 = Release|Any CPU
		{D4A69023-EEB4-4AD3-8979-1EB35050F0EB}.Release|ARM.ActiveCfg = Release|ARM
		{D4A69023-EEB4-4AD3-8979-1EB35050F0EB}.Release|ARM.Build.0 = Release|ARM
		{D4A69023-EEB4-4AD3-8979-1EB35050F0EB}.Release|x64.ActiveCfg = Release|x64
		{D4A69023-EEB4-4AD3-8979-1EB35050F0EB}.Release|x64.Build.0 = Release|x64
		{D4A69023-EEB4-4AD3-8979-1EB35050F0EB}.Release|x86.ActiveCfg = Release|x86
		{D4A69023-EEB4-4AD3-8979-1EB35050F0EB}.Release|x86.Build.0 = Release|x86
	EndGlobalSection
	GlobalSection(SolutionProperties) = preSolution
		HideSolutionNode = FALSE
	EndGlobalSection
EndGlobal
